
Microsoft Visual Studio Solution File, Format Version 12.00
# Visual Studio 2013
VisualStudioVersion = 12.0.31101.0
MinimumVisualStudioVersion = 10.0.40219.1
Project("{FAE04EC0-301F-11D3-BF4B-00C04F79EFBC}") = "MatrixProductCalculation", "MatrixProductCalculation\MatrixProductCalculation.csproj", "{F4436DA1-A356-4C27-8D72-6AD0C699EA07}"
EndProject
Project("{FAE04EC0-301F-11D3-BF4B-00C04F79EFBC}") = "MatrixProductCalculationTests", "MatrixProductCalculationTests\MatrixProductCalculationTests.csproj", "{9BC0FA97-1604-4687-A218-FB23C5FE85C5}"
EndProject
Global
	GlobalSection(SolutionConfigurationPlatforms) = preSolution
		Debug|Any CPU = Debug|Any CPU
		Release|Any CPU = Release|Any CPU
	EndGlobalSection
	GlobalSection(ProjectConfigurationPlatforms) = postSolution
		{F4436DA1-A356-4C27-8D72-6AD0C699EA07}.Debug|Any CPU.ActiveCfg = Debug|Any CPU
		{F4436DA1-A356-4C27-8D72-6AD0C699EA07}.Debug|Any CPU.Build.0 = Debug|Any CPU
		{F4436DA1-A356-4C27-8D72-6AD0C699EA07}.Release|Any CPU.ActiveCfg = Release|Any CPU
		{F4436DA1-A356-4C27-8D72-6AD0C699EA07}.Release|Any CPU.Build.0 = Release|Any CPU
		{9BC0FA97-1604-4687-A218-FB23C5FE85C5}.Debug|Any CPU.ActiveCfg = Debug|Any CPU
		{9BC0FA97-1604-4687-A218-FB23C5FE85C5}.Debug|Any CPU.Build.0 = Debug|Any CPU
		{9BC0FA97-1604-4687-A218-FB23C5FE85C5}.Release|Any CPU.ActiveCfg = Release|Any CPU
		{9BC0FA97-1604-4687-A218-FB23C5FE85C5}.Release|Any CPU.Build.0 = Release|Any CPU
	EndGlobalSection
	GlobalSection(SolutionProperties) = preSolution
		HideSolutionNode = FALSE
	EndGlobalSection
EndGlobal
